# This file is automatically @generated by Cargo.
# It is not intended for manual editing.
version = 4

[[package]]
name = "expressc"
version = "0.1.0"
dependencies = [
 "tessstep-codegen",
 "tessstep-express",
]

[[package]]
name = "stepdump"
version = "0.1.0"
dependencies = [
 "tessstep-model",
 "tessstep-part21",
]

[[package]]
name = "tessstep"
version = "0.1.0"
dependencies = [
 "tessstep-ap242",
 "tessstep-codegen",
 "tessstep-express",
 "tessstep-model",
 "tessstep-part21",
 "tessstep-product",
 "tessstep-schema",
]

[[package]]
name = "tessstep-ap242"
version = "0.1.0"
dependencies = [
 "tessstep-model",
 "tessstep-part21",
 "tessstep-product",
 "tessstep-schema",
]

[[package]]
name = "tessstep-capi"
version = "0.1.0"
dependencies = [
 "tessstep-model",
 "tessstep-part21",
]

[[package]]
name = "tessstep-codegen"
version = "0.1.0"
dependencies = [
 "tessstep-express",
]

[[package]]
name = "tessstep-express"
version = "0.1.0"

[[package]]
name = "tessstep-model"
version = "0.1.0"
dependencies = [
 "tessstep-part21",
 "tessstep-schema",
]

[[package]]
name = "tessstep-part21"
version = "0.1.0"

[[package]]
name = "tessstep-product"
version = "0.1.0"

[[package]]
name = "tessstep-schema"
version = "0.1.0"
